{
    "name": "@bitpoolos/edge-integriti",
    "version": "0.0.10",
    "lockfileVersion": 2,
    "requires": true,
    "packages": {
        "": {
            "name": "@bitpoolos/edge-integriti",
            "version": "0.0.10",
            "license": "MIT",
            "dependencies": {
                "node-fetch": "2.6.7",
                "toad-scheduler": "^1.6.0",
                "xml2json": "0.12.0"
            },
            "engines": {
                "node": ">=12.0.0"
            }
        },
        "node_modules/bindings": {
            "version": "1.5.0",
            "license": "MIT",
            "dependencies": {
                "file-uri-to-path": "1.0.0"
            }
        },
        "node_modules/file-uri-to-path": {
            "version": "1.0.0",
            "license": "MIT"
        },
        "node_modules/hoek": {
            "version": "4.2.1",
            "license": "BSD-3-Clause",
            "engines": {
                "node": ">=4.0.0"
            }
        },
        "node_modules/isemail": {
            "version": "3.2.0",
            "license": "BSD-3-Clause",
            "dependencies": {
                "punycode": "2.x.x"
            },
            "engines": {
                "node": ">=4.0.0"
            }
        },
        "node_modules/joi": {
            "version": "13.7.0",
            "license": "BSD-3-Clause",
            "dependencies": {
                "hoek": "5.x.x",
                "isemail": "3.x.x",
                "topo": "3.x.x"
            },
            "engines": {
                "node": ">=8.9.0"
            }
        },
        "node_modules/joi/node_modules/hoek": {
            "version": "5.0.4",
            "license": "BSD-3-Clause",
            "engines": {
                "node": ">=8.9.0"
            }
        },
        "node_modules/nan": {
            "version": "2.16.0",
            "license": "MIT"
        },
        "node_modules/node-expat": {
            "version": "2.4.0",
            "license": "MIT",
            "dependencies": {
                "bindings": "^1.5.0",
                "nan": "^2.13.2"
            }
        },
        "node_modules/node-fetch": {
            "version": "2.6.7",
            "license": "MIT",
            "dependencies": {
                "whatwg-url": "^5.0.0"
            },
            "engines": {
                "node": "4.x || >=6.0.0"
            },
            "peerDependencies": {
                "encoding": "^0.1.0"
            },
            "peerDependenciesMeta": {
                "encoding": {
                    "optional": true
                }
            }
        },
        "node_modules/punycode": {
            "version": "2.1.1",
            "license": "MIT",
            "engines": {
                "node": ">=6"
            }
        },
        "node_modules/toad-scheduler": {
            "version": "1.6.1",
            "resolved": "https://registry.npmjs.org/toad-scheduler/-/toad-scheduler-1.6.1.tgz",
            "integrity": "sha512-UjNerGmJIp72lt1d6wtGZUdgzgYFM9xVJBeDJzCLOVIHbrf8c6e3iq6rswRV/8/KA8WJLUuH71LYu96yoXgNRQ=="
        },
        "node_modules/topo": {
            "version": "3.0.3",
            "license": "BSD-3-Clause",
            "dependencies": {
                "hoek": "6.x.x"
            }
        },
        "node_modules/topo/node_modules/hoek": {
            "version": "6.1.3",
            "license": "BSD-3-Clause"
        },
        "node_modules/tr46": {
            "version": "0.0.3",
            "license": "MIT"
        },
        "node_modules/webidl-conversions": {
            "version": "3.0.1",
            "license": "BSD-2-Clause"
        },
        "node_modules/whatwg-url": {
            "version": "5.0.0",
            "license": "MIT",
            "dependencies": {
                "tr46": "~0.0.3",
                "webidl-conversions": "^3.0.0"
            }
        },
        "node_modules/xml2json": {
            "version": "0.12.0",
            "license": "MIT",
            "dependencies": {
                "hoek": "^4.2.1",
                "joi": "^13.1.2",
                "node-expat": "^2.3.18"
            },
            "bin": {
                "xml2json": "bin/xml2json"
            }
        }
    },
    "dependencies": {
        "bindings": {
            "version": "1.5.0",
            "requires": {
                "file-uri-to-path": "1.0.0"
            }
        },
        "file-uri-to-path": {
            "version": "1.0.0"
        },
        "hoek": {
            "version": "4.2.1"
        },
        "isemail": {
            "version": "3.2.0",
            "requires": {
                "punycode": "2.x.x"
            }
        },
        "joi": {
            "version": "13.7.0",
            "requires": {
                "hoek": "5.x.x",
                "isemail": "3.x.x",
                "topo": "3.x.x"
            },
            "dependencies": {
                "hoek": {
                    "version": "5.0.4"
                }
            }
        },
        "nan": {
            "version": "2.16.0"
        },
        "node-expat": {
            "version": "2.4.0",
            "requires": {
                "bindings": "^1.5.0",
                "nan": "^2.13.2"
            }
        },
        "node-fetch": {
            "version": "2.6.7",
            "requires": {
                "whatwg-url": "^5.0.0"
            }
        },
        "punycode": {
            "version": "2.1.1"
        },
        "toad-scheduler": {
            "version": "1.6.1",
            "resolved": "https://registry.npmjs.org/toad-scheduler/-/toad-scheduler-1.6.1.tgz",
            "integrity": "sha512-UjNerGmJIp72lt1d6wtGZUdgzgYFM9xVJBeDJzCLOVIHbrf8c6e3iq6rswRV/8/KA8WJLUuH71LYu96yoXgNRQ=="
        },
        "topo": {
            "version": "3.0.3",
            "requires": {
                "hoek": "6.x.x"
            },
            "dependencies": {
                "hoek": {
                    "version": "6.1.3"
                }
            }
        },
        "tr46": {
            "version": "0.0.3"
        },
        "webidl-conversions": {
            "version": "3.0.1"
        },
        "whatwg-url": {
            "version": "5.0.0",
            "requires": {
                "tr46": "~0.0.3",
                "webidl-conversions": "^3.0.0"
            }
        },
        "xml2json": {
            "version": "0.12.0",
            "requires": {
                "hoek": "^4.2.1",
                "joi": "^13.1.2",
                "node-expat": "^2.3.18"
            }
        }
    }
}
